{
  "version": 4,
  "terraform_version": "1.1.2",
  "serial": 47,
  "lineage": "5aae0ec9-2f63-e5e2-087f-990c85f00557",
  "outputs": {},
  "resources": [
    {
      "mode": "data",
      "type": "azurerm_client_config",
      "name": "account",
      "provider": "provider[\"registry.terraform.io/hashicorp/azurerm\"]",
      "instances": [
        {
          "schema_version": 0,
          "attributes": {
            "client_id": "04b07795-8ddb-461a-bbee-02f9e1bf7b46",
            "id": "2022-01-17 15:35:11.3708195 +0000 UTC",
            "object_id": "909a5da6-4847-479f-92bd-1a9b9082c205",
            "subscription_id": "25ca43df-2180-43b2-98e4-1803e9f8d61a",
            "tenant_id": "1cac6bed-32b1-4035-bc33-fc4f4b4a766d",
            "timeouts": null
          },
          "sensitive_attributes": []
        }
      ]
    },
    {
      "mode": "data",
      "type": "azurerm_subscription",
      "name": "subscription",
      "provider": "provider[\"registry.terraform.io/hashicorp/azurerm\"]",
      "instances": [
        {
          "schema_version": 0,
          "attributes": {
            "display_name": "Visual Studio Enterprise-abonnement – MPN",
            "id": "/subscriptions/25ca43df-2180-43b2-98e4-1803e9f8d61a",
            "location_placement_id": "Public_2014-09-01",
            "quota_id": "MSDN_2014-09-01",
            "spending_limit": "On",
            "state": "Enabled",
            "subscription_id": "25ca43df-2180-43b2-98e4-1803e9f8d61a",
            "tags": {},
            "tenant_id": "1cac6bed-32b1-4035-bc33-fc4f4b4a766d",
            "timeouts": null
          },
          "sensitive_attributes": []
        }
      ]
    },
    {
      "mode": "managed",
      "type": "azurerm_resource_group",
      "name": "rgavd1",
      "provider": "provider[\"registry.terraform.io/hashicorp/azurerm\"]",
      "instances": [
        {
          "schema_version": 0,
          "attributes": {
            "id": "/subscriptions/25ca43df-2180-43b2-98e4-1803e9f8d61a/resourceGroups/rg-cloudnation-avd",
            "location": "westeurope",
            "name": "rg-cloudnation-avd",
            "tags": {
              "Environment": "AVD",
              "Team": "AVD01"
            },
            "timeouts": null
          },
          "sensitive_attributes": [],
          "private": "eyJlMmJmYjczMC1lY2FhLTExZTYtOGY4OC0zNDM2M2JjN2M0YzAiOnsiY3JlYXRlIjo1NDAwMDAwMDAwMDAwLCJkZWxldGUiOjU0MDAwMDAwMDAwMDAsInJlYWQiOjMwMDAwMDAwMDAwMCwidXBkYXRlIjo1NDAwMDAwMDAwMDAwfX0="
        }
      ]
    },
    {
      "mode": "managed",
      "type": "azurerm_role_assignment",
      "name": "roleavd",
      "provider": "provider[\"registry.terraform.io/hashicorp/azurerm\"]",
      "instances": [
        {
          "schema_version": 0,
          "attributes": {
            "condition": "",
            "condition_version": "",
            "delegated_managed_identity_resource_id": "",
            "description": "",
            "id": "/subscriptions/25ca43df-2180-43b2-98e4-1803e9f8d61a/providers/Microsoft.Authorization/roleAssignments/9e637e08-850b-e004-9de6-bffdcf1fe7a6",
            "name": "9e637e08-850b-e004-9de6-bffdcf1fe7a6",
            "principal_id": "909a5da6-4847-479f-92bd-1a9b9082c205",
            "principal_type": "User",
            "role_definition_id": "/subscriptions/25ca43df-2180-43b2-98e4-1803e9f8d61a/providers/Microsoft.Authorization/roleDefinitions/ca50143b-9b88-f1e0-602e-c1f33f1721fb",
            "role_definition_name": "Imageprovider",
            "scope": "/subscriptions/25ca43df-2180-43b2-98e4-1803e9f8d61a",
            "skip_service_principal_aad_check": null,
            "timeouts": null
          },
          "sensitive_attributes": [],
          "private": "eyJlMmJmYjczMC1lY2FhLTExZTYtOGY4OC0zNDM2M2JjN2M0YzAiOnsiY3JlYXRlIjoxODAwMDAwMDAwMDAwLCJkZWxldGUiOjE4MDAwMDAwMDAwMDAsInJlYWQiOjMwMDAwMDAwMDAwMCwidXBkYXRlIjoxODAwMDAwMDAwMDAwfX0=",
          "dependencies": [
            "azurerm_role_definition.roledefinition",
            "data.azurerm_client_config.account",
            "data.azurerm_subscription.subscription"
          ]
        }
      ]
    },
    {
      "mode": "managed",
      "type": "azurerm_role_definition",
      "name": "roledefinition",
      "provider": "provider[\"registry.terraform.io/hashicorp/azurerm\"]",
      "instances": [
        {
          "schema_version": 1,
          "attributes": {
            "assignable_scopes": [
              "/subscriptions/25ca43df-2180-43b2-98e4-1803e9f8d61a"
            ],
            "description": "This is a custom role created via Terraform",
            "id": "/subscriptions/25ca43df-2180-43b2-98e4-1803e9f8d61a/providers/Microsoft.Authorization/roleDefinitions/ca50143b-9b88-f1e0-602e-c1f33f1721fb|/subscriptions/25ca43df-2180-43b2-98e4-1803e9f8d61a",
            "name": "Imageprovider",
            "permissions": [
              {
                "actions": [
                  "Microsoft.Compute/galleries/read",
                  "Microsoft.Compute/galleries/images/read",
                  "Microsoft.Compute/galleries/images/versions/read",
                  "Microsoft.Compute/galleries/images/versions/write",
                  "Microsoft.Compute/images/write",
                  "Microsoft.Compute/images/read",
                  "Microsoft.Compute/images/delete"
                ],
                "data_actions": null,
                "not_actions": [],
                "not_data_actions": null
              }
            ],
            "role_definition_id": "ca50143b-9b88-f1e0-602e-c1f33f1721fb",
            "role_definition_resource_id": "/subscriptions/25ca43df-2180-43b2-98e4-1803e9f8d61a/providers/Microsoft.Authorization/roleDefinitions/ca50143b-9b88-f1e0-602e-c1f33f1721fb",
            "scope": "/subscriptions/25ca43df-2180-43b2-98e4-1803e9f8d61a",
            "timeouts": null
          },
          "sensitive_attributes": [],
          "private": "eyJlMmJmYjczMC1lY2FhLTExZTYtOGY4OC0zNDM2M2JjN2M0YzAiOnsiY3JlYXRlIjoxODAwMDAwMDAwMDAwLCJkZWxldGUiOjE4MDAwMDAwMDAwMDAsInJlYWQiOjMwMDAwMDAwMDAwMCwidXBkYXRlIjozNjAwMDAwMDAwMDAwfSwic2NoZW1hX3ZlcnNpb24iOiIxIn0=",
          "dependencies": [
            "data.azurerm_subscription.subscription"
          ]
        }
      ]
    },
    {
      "mode": "managed",
      "type": "azurerm_shared_image_gallery",
      "name": "sig",
      "provider": "provider[\"registry.terraform.io/hashicorp/azurerm\"]",
      "instances": [
        {
          "schema_version": 0,
          "attributes": {
            "description": "Shared images and things.",
            "id": "/subscriptions/25ca43df-2180-43b2-98e4-1803e9f8d61a/resourceGroups/rg-cloudnation-avd/providers/Microsoft.Compute/galleries/avd_image_gallery",
            "location": "westeurope",
            "name": "avd_image_gallery",
            "resource_group_name": "rg-cloudnation-avd",
            "tags": null,
            "timeouts": null,
            "unique_name": "25ca43df-2180-43b2-98e4-1803e9f8d61a-AVD_IMAGE_GALLERY"
          },
          "sensitive_attributes": [],
          "private": "eyJlMmJmYjczMC1lY2FhLTExZTYtOGY4OC0zNDM2M2JjN2M0YzAiOnsiY3JlYXRlIjoxODAwMDAwMDAwMDAwLCJkZWxldGUiOjE4MDAwMDAwMDAwMDAsInJlYWQiOjMwMDAwMDAwMDAwMCwidXBkYXRlIjoxODAwMDAwMDAwMDAwfX0=",
          "dependencies": [
            "azurerm_resource_group.rgavd1"
          ]
        }
      ]
    },
    {
      "mode": "managed",
      "type": "azurerm_user_assigned_identity",
      "name": "rgami1",
      "provider": "provider[\"registry.terraform.io/hashicorp/azurerm\"]",
      "instances": [
        {
          "schema_version": 1,
          "attributes": {
            "client_id": "68bcd64a-43cc-4e15-8f9a-b6ea312459f2",
            "id": "/subscriptions/25ca43df-2180-43b2-98e4-1803e9f8d61a/resourceGroups/rg-cloudnation-avd/providers/Microsoft.ManagedIdentity/userAssignedIdentities/AvdAmi",
            "location": "westeurope",
            "name": "AvdAmi",
            "principal_id": "c1751c6e-69ae-4651-9ba7-75bdbff7e85c",
            "resource_group_name": "rg-cloudnation-avd",
            "tags": null,
            "tenant_id": "1cac6bed-32b1-4035-bc33-fc4f4b4a766d",
            "timeouts": null
          },
          "sensitive_attributes": [],
          "private": "eyJlMmJmYjczMC1lY2FhLTExZTYtOGY4OC0zNDM2M2JjN2M0YzAiOnsiY3JlYXRlIjoxODAwMDAwMDAwMDAwLCJkZWxldGUiOjE4MDAwMDAwMDAwMDAsInJlYWQiOjMwMDAwMDAwMDAwMCwidXBkYXRlIjoxODAwMDAwMDAwMDAwfSwic2NoZW1hX3ZlcnNpb24iOiIxIn0=",
          "dependencies": [
            "azurerm_resource_group.rgavd1"
          ]
        }
      ]
    }
  ]
}
